// !$*UTF8*$!
{
	archiveVersion = 1;
	classes = {
	};
	objectVersion = 50;
	objects = {

/* Begin PBXBuildFile section */
		3D8FC13A25F82B77001388FB /* AppDelegate.swift in Sources */ = {isa = PBXBuildFile; fileRef = 3D8FC13925F82B77001388FB /* AppDelegate.swift */; };
		3D8FC13C25F82B77001388FB /* SceneDelegate.swift in Sources */ = {isa = PBXBuildFile; fileRef = 3D8FC13B25F82B77001388FB /* SceneDelegate.swift */; };
		3D8FC14125F82B77001388FB /* Main.storyboard in Resources */ = {isa = PBXBuildFile; fileRef = 3D8FC13F25F82B77001388FB /* Main.storyboard */; };
		3D8FC14425F82B77001388FB /* IosiApp.xcdatamodeld in Sources */ = {isa = PBXBuildFile; fileRef = 3D8FC14225F82B77001388FB /* IosiApp.xcdatamodeld */; };
		3D8FC14625F82B7A001388FB /* Assets.xcassets in Resources */ = {isa = PBXBuildFile; fileRef = 3D8FC14525F82B7A001388FB /* Assets.xcassets */; };
		3D8FC14925F82B7A001388FB /* LaunchScreen.storyboard in Resources */ = {isa = PBXBuildFile; fileRef = 3D8FC14725F82B7A001388FB /* LaunchScreen.storyboard */; };
		3D8FC15425F82B7A001388FB /* IosiAppTests.swift in Sources */ = {isa = PBXBuildFile; fileRef = 3D8FC15325F82B7A001388FB /* IosiAppTests.swift */; };
		3D8FC15F25F82B7A001388FB /* IosiAppUITests.swift in Sources */ = {isa = PBXBuildFile; fileRef = 3D8FC15E25F82B7A001388FB /* IosiAppUITests.swift */; };
		3D8FC17125F8394A001388FB /* HomeViewController.swift in Sources */ = {isa = PBXBuildFile; fileRef = 3D8FC17025F8394A001388FB /* HomeViewController.swift */; };
		3D8FC17F25F982E5001388FB /* HelpViewController.swift in Sources */ = {isa = PBXBuildFile; fileRef = 3D8FC17E25F982E5001388FB /* HelpViewController.swift */; };
		3D8FC18425F98615001388FB /* MonitorCollectionViewCell.swift in Sources */ = {isa = PBXBuildFile; fileRef = 3D8FC18325F98615001388FB /* MonitorCollectionViewCell.swift */; };
		3D8FC19425FD615A001388FB /* ClassCollectionViewCell.swift in Sources */ = {isa = PBXBuildFile; fileRef = 3D8FC19325FD615A001388FB /* ClassCollectionViewCell.swift */; };
		3D8FC19925FE684E001388FB /* ChatsCollectionViewCell.swift in Sources */ = {isa = PBXBuildFile; fileRef = 3D8FC19825FE684E001388FB /* ChatsCollectionViewCell.swift */; };
		3D8FC1A025FED741001388FB /* HomeViewModel.swift in Sources */ = {isa = PBXBuildFile; fileRef = 3D8FC19F25FED741001388FB /* HomeViewModel.swift */; };
		3D8FC1A926001110001388FB /* MonitorsViewModel.swift in Sources */ = {isa = PBXBuildFile; fileRef = 3D8FC1A826001110001388FB /* MonitorsViewModel.swift */; };
		3D8FC1AE260013F9001388FB /* Monitor.swift in Sources */ = {isa = PBXBuildFile; fileRef = 3D8FC1AD260013F9001388FB /* Monitor.swift */; };
		3D8FC1B3260020B7001388FB /* Message.swift in Sources */ = {isa = PBXBuildFile; fileRef = 3D8FC1B2260020B7001388FB /* Message.swift */; };
		3D8FC1B826002374001388FB /* Chat.swift in Sources */ = {isa = PBXBuildFile; fileRef = 3D8FC1B726002374001388FB /* Chat.swift */; };
		3D8FC1C0260025BF001388FB /* ChatsViewModel.swift in Sources */ = {isa = PBXBuildFile; fileRef = 3D8FC1BF260025BF001388FB /* ChatsViewModel.swift */; };
		3D8FC1C72602BB11001388FB /* Repository.swift in Sources */ = {isa = PBXBuildFile; fileRef = 3D8FC1C62602BB11001388FB /* Repository.swift */; };
		3D8FC1CF26056104001388FB /* User.swift in Sources */ = {isa = PBXBuildFile; fileRef = 3D8FC1CE26056104001388FB /* User.swift */; };
		3D8FC1D82608FEA8001388FB /* Video.swift in Sources */ = {isa = PBXBuildFile; fileRef = 3D8FC1D72608FEA8001388FB /* Video.swift */; };
/* End PBXBuildFile section */

/* Begin PBXContainerItemProxy section */
		3D8FC15025F82B7A001388FB /* PBXContainerItemProxy */ = {
			isa = PBXContainerItemProxy;
			containerPortal = 3D8FC12E25F82B77001388FB /* Project object */;
			proxyType = 1;
			remoteGlobalIDString = 3D8FC13525F82B77001388FB;
			remoteInfo = IosiApp;
		};
		3D8FC15B25F82B7A001388FB /* PBXContainerItemProxy */ = {
			isa = PBXContainerItemProxy;
			containerPortal = 3D8FC12E25F82B77001388FB /* Project object */;
			proxyType = 1;
			remoteGlobalIDString = 3D8FC13525F82B77001388FB;
			remoteInfo = IosiApp;
		};
/* End PBXContainerItemProxy section */

/* Begin PBXFileReference section */
		3D8FC13625F82B77001388FB /* IosiApp.app */ = {isa = PBXFileReference; explicitFileType = wrapper.application; includeInIndex = 0; path = IosiApp.app; sourceTree = BUILT_PRODUCTS_DIR; };
		3D8FC13925F82B77001388FB /* AppDelegate.swift */ = {isa = PBXFileReference; lastKnownFileType = sourcecode.swift; path = AppDelegate.swift; sourceTree = "<group>"; };
		3D8FC13B25F82B77001388FB /* SceneDelegate.swift */ = {isa = PBXFileReference; lastKnownFileType = sourcecode.swift; path = SceneDelegate.swift; sourceTree = "<group>"; };
		3D8FC14025F82B77001388FB /* Base */ = {isa = PBXFileReference; lastKnownFileType = file.storyboard; name = Base; path = Base.lproj/Main.storyboard; sourceTree = "<group>"; };
		3D8FC14325F82B77001388FB /* IosiApp.xcdatamodel */ = {isa = PBXFileReference; lastKnownFileType = wrapper.xcdatamodel; path = IosiApp.xcdatamodel; sourceTree = "<group>"; };
		3D8FC14525F82B7A001388FB /* Assets.xcassets */ = {isa = PBXFileReference; lastKnownFileType = folder.assetcatalog; path = Assets.xcassets; sourceTree = "<group>"; };
		3D8FC14825F82B7A001388FB /* Base */ = {isa = PBXFileReference; lastKnownFileType = file.storyboard; name = Base; path = Base.lproj/LaunchScreen.storyboard; sourceTree = "<group>"; };
		3D8FC14A25F82B7A001388FB /* Info.plist */ = {isa = PBXFileReference; lastKnownFileType = text.plist.xml; path = Info.plist; sourceTree = "<group>"; };
		3D8FC14F25F82B7A001388FB /* IosiAppTests.xctest */ = {isa = PBXFileReference; explicitFileType = wrapper.cfbundle; includeInIndex = 0; path = IosiAppTests.xctest; sourceTree = BUILT_PRODUCTS_DIR; };
		3D8FC15325F82B7A001388FB /* IosiAppTests.swift */ = {isa = PBXFileReference; lastKnownFileType = sourcecode.swift; path = IosiAppTests.swift; sourceTree = "<group>"; };
		3D8FC15525F82B7A001388FB /* Info.plist */ = {isa = PBXFileReference; lastKnownFileType = text.plist.xml; path = Info.plist; sourceTree = "<group>"; };
		3D8FC15A25F82B7A001388FB /* IosiAppUITests.xctest */ = {isa = PBXFileReference; explicitFileType = wrapper.cfbundle; includeInIndex = 0; path = IosiAppUITests.xctest; sourceTree = BUILT_PRODUCTS_DIR; };
		3D8FC15E25F82B7A001388FB /* IosiAppUITests.swift */ = {isa = PBXFileReference; lastKnownFileType = sourcecode.swift; path = IosiAppUITests.swift; sourceTree = "<group>"; };
		3D8FC16025F82B7A001388FB /* Info.plist */ = {isa = PBXFileReference; lastKnownFileType = text.plist.xml; path = Info.plist; sourceTree = "<group>"; };
		3D8FC17025F8394A001388FB /* HomeViewController.swift */ = {isa = PBXFileReference; lastKnownFileType = sourcecode.swift; path = HomeViewController.swift; sourceTree = "<group>"; };
		3D8FC17E25F982E5001388FB /* HelpViewController.swift */ = {isa = PBXFileReference; lastKnownFileType = sourcecode.swift; path = HelpViewController.swift; sourceTree = "<group>"; };
		3D8FC18325F98615001388FB /* MonitorCollectionViewCell.swift */ = {isa = PBXFileReference; lastKnownFileType = sourcecode.swift; path = MonitorCollectionViewCell.swift; sourceTree = "<group>"; };
		3D8FC19325FD615A001388FB /* ClassCollectionViewCell.swift */ = {isa = PBXFileReference; lastKnownFileType = sourcecode.swift; path = ClassCollectionViewCell.swift; sourceTree = "<group>"; };
		3D8FC19825FE684E001388FB /* ChatsCollectionViewCell.swift */ = {isa = PBXFileReference; lastKnownFileType = sourcecode.swift; path = ChatsCollectionViewCell.swift; sourceTree = "<group>"; };
		3D8FC19F25FED741001388FB /* HomeViewModel.swift */ = {isa = PBXFileReference; lastKnownFileType = sourcecode.swift; path = HomeViewModel.swift; sourceTree = "<group>"; };
		3D8FC1A826001110001388FB /* MonitorsViewModel.swift */ = {isa = PBXFileReference; lastKnownFileType = sourcecode.swift; path = MonitorsViewModel.swift; sourceTree = "<group>"; };
		3D8FC1AD260013F9001388FB /* Monitor.swift */ = {isa = PBXFileReference; lastKnownFileType = sourcecode.swift; path = Monitor.swift; sourceTree = "<group>"; };
		3D8FC1B2260020B7001388FB /* Message.swift */ = {isa = PBXFileReference; lastKnownFileType = sourcecode.swift; path = Message.swift; sourceTree = "<group>"; };
		3D8FC1B726002374001388FB /* Chat.swift */ = {isa = PBXFileReference; lastKnownFileType = sourcecode.swift; path = Chat.swift; sourceTree = "<group>"; };
		3D8FC1BF260025BF001388FB /* ChatsViewModel.swift */ = {isa = PBXFileReference; lastKnownFileType = sourcecode.swift; path = ChatsViewModel.swift; sourceTree = "<group>"; };
		3D8FC1C62602BB11001388FB /* Repository.swift */ = {isa = PBXFileReference; lastKnownFileType = sourcecode.swift; path = Repository.swift; sourceTree = "<group>"; };
		3D8FC1CE26056104001388FB /* User.swift */ = {isa = PBXFileReference; lastKnownFileType = sourcecode.swift; path = User.swift; sourceTree = "<group>"; };
		3D8FC1D72608FEA8001388FB /* Video.swift */ = {isa = PBXFileReference; lastKnownFileType = sourcecode.swift; path = Video.swift; sourceTree = "<group>"; };
/* End PBXFileReference section */

/* Begin PBXFrameworksBuildPhase section */
		3D8FC13325F82B77001388FB /* Frameworks */ = {
			isa = PBXFrameworksBuildPhase;
			buildActionMask = 2147483647;
			files = (
			);
			runOnlyForDeploymentPostprocessing = 0;
		};
		3D8FC14C25F82B7A001388FB /* Frameworks */ = {
			isa = PBXFrameworksBuildPhase;
			buildActionMask = 2147483647;
			files = (
			);
			runOnlyForDeploymentPostprocessing = 0;
		};
		3D8FC15725F82B7A001388FB /* Frameworks */ = {
			isa = PBXFrameworksBuildPhase;
			buildActionMask = 2147483647;
			files = (
			);
			runOnlyForDeploymentPostprocessing = 0;
		};
/* End PBXFrameworksBuildPhase section */

/* Begin PBXGroup section */
		3D8FC12D25F82B77001388FB = {
			isa = PBXGroup;
			children = (
				3D8FC13825F82B77001388FB /* IosiApp */,
				3D8FC15225F82B7A001388FB /* IosiAppTests */,
				3D8FC15D25F82B7A001388FB /* IosiAppUITests */,
				3D8FC13725F82B77001388FB /* Products */,
			);
			sourceTree = "<group>";
		};
		3D8FC13725F82B77001388FB /* Products */ = {
			isa = PBXGroup;
			children = (
				3D8FC13625F82B77001388FB /* IosiApp.app */,
				3D8FC14F25F82B7A001388FB /* IosiAppTests.xctest */,
				3D8FC15A25F82B7A001388FB /* IosiAppUITests.xctest */,
			);
			name = Products;
			sourceTree = "<group>";
		};
		3D8FC13825F82B77001388FB /* IosiApp */ = {
			isa = PBXGroup;
			children = (
				3D8FC1C52602BB03001388FB /* Service */,
				3D8FC17C25F982A7001388FB /* Help */,
				3D8FC16F25F83916001388FB /* Home */,
				3D8FC13925F82B77001388FB /* AppDelegate.swift */,
				3D8FC13B25F82B77001388FB /* SceneDelegate.swift */,
				3D8FC13F25F82B77001388FB /* Main.storyboard */,
				3D8FC14525F82B7A001388FB /* Assets.xcassets */,
				3D8FC14725F82B7A001388FB /* LaunchScreen.storyboard */,
				3D8FC14A25F82B7A001388FB /* Info.plist */,
				3D8FC14225F82B77001388FB /* IosiApp.xcdatamodeld */,
			);
			path = IosiApp;
			sourceTree = "<group>";
		};
		3D8FC15225F82B7A001388FB /* IosiAppTests */ = {
			isa = PBXGroup;
			children = (
				3D8FC15325F82B7A001388FB /* IosiAppTests.swift */,
				3D8FC15525F82B7A001388FB /* Info.plist */,
			);
			path = IosiAppTests;
			sourceTree = "<group>";
		};
		3D8FC15D25F82B7A001388FB /* IosiAppUITests */ = {
			isa = PBXGroup;
			children = (
				3D8FC15E25F82B7A001388FB /* IosiAppUITests.swift */,
				3D8FC16025F82B7A001388FB /* Info.plist */,
			);
			path = IosiAppUITests;
			sourceTree = "<group>";
		};
		3D8FC16F25F83916001388FB /* Home */ = {
			isa = PBXGroup;
			children = (
				3D8FC1D62608FE95001388FB /* Model */,
				3D8FC19D25FED6C4001388FB /* ViewModel */,
				3D8FC17825F83951001388FB /* View */,
			);
			path = Home;
			sourceTree = "<group>";
		};
		3D8FC17825F83951001388FB /* View */ = {
			isa = PBXGroup;
			children = (
				3D8FC17025F8394A001388FB /* HomeViewController.swift */,
				3D8FC19325FD615A001388FB /* ClassCollectionViewCell.swift */,
			);
			path = View;
			sourceTree = "<group>";
		};
		3D8FC17C25F982A7001388FB /* Help */ = {
			isa = PBXGroup;
			children = (
				3D8FC1A426000985001388FB /* Model */,
				3D8FC19E25FED6DE001388FB /* ViewModel */,
				3D8FC17D25F982B0001388FB /* View */,
			);
			path = Help;
			sourceTree = "<group>";
		};
		3D8FC17D25F982B0001388FB /* View */ = {
			isa = PBXGroup;
			children = (
				3D8FC17E25F982E5001388FB /* HelpViewController.swift */,
				3D8FC18325F98615001388FB /* MonitorCollectionViewCell.swift */,
				3D8FC19825FE684E001388FB /* ChatsCollectionViewCell.swift */,
			);
			path = View;
			sourceTree = "<group>";
		};
		3D8FC19D25FED6C4001388FB /* ViewModel */ = {
			isa = PBXGroup;
			children = (
				3D8FC19F25FED741001388FB /* HomeViewModel.swift */,
			);
			path = ViewModel;
			sourceTree = "<group>";
		};
		3D8FC19E25FED6DE001388FB /* ViewModel */ = {
			isa = PBXGroup;
			children = (
				3D8FC1A826001110001388FB /* MonitorsViewModel.swift */,
				3D8FC1BF260025BF001388FB /* ChatsViewModel.swift */,
			);
			path = ViewModel;
			sourceTree = "<group>";
		};
		3D8FC1A426000985001388FB /* Model */ = {
			isa = PBXGroup;
			children = (
				3D8FC1B726002374001388FB /* Chat.swift */,
				3D8FC1B2260020B7001388FB /* Message.swift */,
				3D8FC1AD260013F9001388FB /* Monitor.swift */,
				3D8FC1CE26056104001388FB /* User.swift */,
			);
			path = Model;
			sourceTree = "<group>";
		};
		3D8FC1C52602BB03001388FB /* Service */ = {
			isa = PBXGroup;
			children = (
				3D8FC1C62602BB11001388FB /* Repository.swift */,
			);
			path = Service;
			sourceTree = "<group>";
		};
		3D8FC1D62608FE95001388FB /* Model */ = {
			isa = PBXGroup;
			children = (
				3D8FC1D72608FEA8001388FB /* Video.swift */,
			);
			path = Model;
			sourceTree = "<group>";
		};
/* End PBXGroup section */

/* Begin PBXNativeTarget section */
		3D8FC13525F82B77001388FB /* IosiApp */ = {
			isa = PBXNativeTarget;
			buildConfigurationList = 3D8FC16325F82B7A001388FB /* Build configuration list for PBXNativeTarget "IosiApp" */;
			buildPhases = (
				3D8FC13225F82B77001388FB /* Sources */,
				3D8FC13325F82B77001388FB /* Frameworks */,
				3D8FC13425F82B77001388FB /* Resources */,
			);
			buildRules = (
			);
			dependencies = (
			);
			name = IosiApp;
			productName = IosiApp;
			productReference = 3D8FC13625F82B77001388FB /* IosiApp.app */;
			productType = "com.apple.product-type.application";
		};
		3D8FC14E25F82B7A001388FB /* IosiAppTests */ = {
			isa = PBXNativeTarget;
			buildConfigurationList = 3D8FC16625F82B7A001388FB /* Build configuration list for PBXNativeTarget "IosiAppTests" */;
			buildPhases = (
				3D8FC14B25F82B7A001388FB /* Sources */,
				3D8FC14C25F82B7A001388FB /* Frameworks */,
				3D8FC14D25F82B7A001388FB /* Resources */,
			);
			buildRules = (
			);
			dependencies = (
				3D8FC15125F82B7A001388FB /* PBXTargetDependency */,
			);
			name = IosiAppTests;
			productName = IosiAppTests;
			productReference = 3D8FC14F25F82B7A001388FB /* IosiAppTests.xctest */;
			productType = "com.apple.product-type.bundle.unit-test";
		};
		3D8FC15925F82B7A001388FB /* IosiAppUITests */ = {
			isa = PBXNativeTarget;
			buildConfigurationList = 3D8FC16925F82B7A001388FB /* Build configuration list for PBXNativeTarget "IosiAppUITests" */;
			buildPhases = (
				3D8FC15625F82B7A001388FB /* Sources */,
				3D8FC15725F82B7A001388FB /* Frameworks */,
				3D8FC15825F82B7A001388FB /* Resources */,
			);
			buildRules = (
			);
			dependencies = (
				3D8FC15C25F82B7A001388FB /* PBXTargetDependency */,
			);
			name = IosiAppUITests;
			productName = IosiAppUITests;
			productReference = 3D8FC15A25F82B7A001388FB /* IosiAppUITests.xctest */;
			productType = "com.apple.product-type.bundle.ui-testing";
		};
/* End PBXNativeTarget section */

/* Begin PBXProject section */
		3D8FC12E25F82B77001388FB /* Project object */ = {
			isa = PBXProject;
			attributes = {
				LastSwiftUpdateCheck = 1230;
				LastUpgradeCheck = 1230;
				TargetAttributes = {
					3D8FC13525F82B77001388FB = {
						CreatedOnToolsVersion = 12.3;
					};
					3D8FC14E25F82B7A001388FB = {
						CreatedOnToolsVersion = 12.3;
						TestTargetID = 3D8FC13525F82B77001388FB;
					};
					3D8FC15925F82B7A001388FB = {
						CreatedOnToolsVersion = 12.3;
						TestTargetID = 3D8FC13525F82B77001388FB;
					};
				};
			};
			buildConfigurationList = 3D8FC13125F82B77001388FB /* Build configuration list for PBXProject "IosiApp" */;
			compatibilityVersion = "Xcode 9.3";
			developmentRegion = en;
			hasScannedForEncodings = 0;
			knownRegions = (
				en,
				Base,
			);
			mainGroup = 3D8FC12D25F82B77001388FB;
			productRefGroup = 3D8FC13725F82B77001388FB /* Products */;
			projectDirPath = "";
			projectRoot = "";
			targets = (
				3D8FC13525F82B77001388FB /* IosiApp */,
				3D8FC14E25F82B7A001388FB /* IosiAppTests */,
				3D8FC15925F82B7A001388FB /* IosiAppUITests */,
			);
		};
/* End PBXProject section */

/* Begin PBXResourcesBuildPhase section */
		3D8FC13425F82B77001388FB /* Resources */ = {
			isa = PBXResourcesBuildPhase;
			buildActionMask = 2147483647;
			files = (
				3D8FC14925F82B7A001388FB /* LaunchScreen.storyboard in Resources */,
				3D8FC14625F82B7A001388FB /* Assets.xcassets in Resources */,
				3D8FC14125F82B77001388FB /* Main.storyboard in Resources */,
			);
			runOnlyForDeploymentPostprocessing = 0;
		};
		3D8FC14D25F82B7A001388FB /* Resources */ = {
			isa = PBXResourcesBuildPhase;
			buildActionMask = 2147483647;
			files = (
			);
			runOnlyForDeploymentPostprocessing = 0;
		};
		3D8FC15825F82B7A001388FB /* Resources */ = {
			isa = PBXResourcesBuildPhase;
			buildActionMask = 2147483647;
			files = (
			);
			runOnlyForDeploymentPostprocessing = 0;
		};
/* End PBXResourcesBuildPhase section */

/* Begin PBXSourcesBuildPhase section */
		3D8FC13225F82B77001388FB /* Sources */ = {
			isa = PBXSourcesBuildPhase;
			buildActionMask = 2147483647;
			files = (
				3D8FC1B826002374001388FB /* Chat.swift in Sources */,
				3D8FC19425FD615A001388FB /* ClassCollectionViewCell.swift in Sources */,
				3D8FC1AE260013F9001388FB /* Monitor.swift in Sources */,
				3D8FC1A025FED741001388FB /* HomeViewModel.swift in Sources */,
				3D8FC1CF26056104001388FB /* User.swift in Sources */,
				3D8FC18425F98615001388FB /* MonitorCollectionViewCell.swift in Sources */,
				3D8FC19925FE684E001388FB /* ChatsCollectionViewCell.swift in Sources */,
				3D8FC1C0260025BF001388FB /* ChatsViewModel.swift in Sources */,
				3D8FC17125F8394A001388FB /* HomeViewController.swift in Sources */,
				3D8FC17F25F982E5001388FB /* HelpViewController.swift in Sources */,
				3D8FC14425F82B77001388FB /* IosiApp.xcdatamodeld in Sources */,
				3D8FC1D82608FEA8001388FB /* Video.swift in Sources */,
				3D8FC1C72602BB11001388FB /* Repository.swift in Sources */,
				3D8FC1A926001110001388FB /* MonitorsViewModel.swift in Sources */,
				3D8FC1B3260020B7001388FB /* Message.swift in Sources */,
				3D8FC13A25F82B77001388FB /* AppDelegate.swift in Sources */,
				3D8FC13C25F82B77001388FB /* SceneDelegate.swift in Sources */,
			);
			runOnlyForDeploymentPostprocessing = 0;
		};
		3D8FC14B25F82B7A001388FB /* Sources */ = {
			isa = PBXSourcesBuildPhase;
			buildActionMask = 2147483647;
			files = (
				3D8FC15425F82B7A001388FB /* IosiAppTests.swift in Sources */,
			);
			runOnlyForDeploymentPostprocessing = 0;
		};
		3D8FC15625F82B7A001388FB /* Sources */ = {
			isa = PBXSourcesBuildPhase;
			buildActionMask = 2147483647;
			files = (
				3D8FC15F25F82B7A001388FB /* IosiAppUITests.swift in Sources */,
			);
			runOnlyForDeploymentPostprocessing = 0;
		};
/* End PBXSourcesBuildPhase section */

/* Begin PBXTargetDependency section */
		3D8FC15125F82B7A001388FB /* PBXTargetDependency */ = {
			isa = PBXTargetDependency;
			target = 3D8FC13525F82B77001388FB /* IosiApp */;
			targetProxy = 3D8FC15025F82B7A001388FB /* PBXContainerItemProxy */;
		};
		3D8FC15C25F82B7A001388FB /* PBXTargetDependency */ = {
			isa = PBXTargetDependency;
			target = 3D8FC13525F82B77001388FB /* IosiApp */;
			targetProxy = 3D8FC15B25F82B7A001388FB /* PBXContainerItemProxy */;
		};
/* End PBXTargetDependency section */

/* Begin PBXVariantGroup section */
		3D8FC13F25F82B77001388FB /* Main.storyboard */ = {
			isa = PBXVariantGroup;
			children = (
				3D8FC14025F82B77001388FB /* Base */,
			);
			name = Main.storyboard;
			sourceTree = "<group>";
		};
		3D8FC14725F82B7A001388FB /* LaunchScreen.storyboard */ = {
			isa = PBXVariantGroup;
			children = (
				3D8FC14825F82B7A001388FB /* Base */,
			);
			name = LaunchScreen.storyboard;
			sourceTree = "<group>";
		};
/* End PBXVariantGroup section */

/* Begin XCBuildConfiguration section */
		3D8FC16125F82B7A001388FB /* Debug */ = {
			isa = XCBuildConfiguration;
			buildSettings = {
				ALWAYS_SEARCH_USER_PATHS = NO;
				CLANG_ANALYZER_NONNULL = YES;
				CLANG_ANALYZER_NUMBER_OBJECT_CONVERSION = YES_AGGRESSIVE;
				CLANG_CXX_LANGUAGE_STANDARD = "gnu++14";
				CLANG_CXX_LIBRARY = "libc++";
				CLANG_ENABLE_MODULES = YES;
				CLANG_ENABLE_OBJC_ARC = YES;
				CLANG_ENABLE_OBJC_WEAK = YES;
				CLANG_WARN_BLOCK_CAPTURE_AUTORELEASING = YES;
				CLANG_WARN_BOOL_CONVERSION = YES;
				CLANG_WARN_COMMA = YES;
				CLANG_WARN_CONSTANT_CONVERSION = YES;
				CLANG_WARN_DEPRECATED_OBJC_IMPLEMENTATIONS = YES;
				CLANG_WARN_DIRECT_OBJC_ISA_USAGE = YES_ERROR;
				CLANG_WARN_DOCUMENTATION_COMMENTS = YES;
				CLANG_WARN_EMPTY_BODY = YES;
				CLANG_WARN_ENUM_CONVERSION = YES;
				CLANG_WARN_INFINITE_RECURSION = YES;
				CLANG_WARN_INT_CONVERSION = YES;
				CLANG_WARN_NON_LITERAL_NULL_CONVERSION = YES;
				CLANG_WARN_OBJC_IMPLICIT_RETAIN_SELF = YES;
				CLANG_WARN_OBJC_LITERAL_CONVERSION = YES;
				CLANG_WARN_OBJC_ROOT_CLASS = YES_ERROR;
				CLANG_WARN_QUOTED_INCLUDE_IN_FRAMEWORK_HEADER = YES;
				CLANG_WARN_RANGE_LOOP_ANALYSIS = YES;
				CLANG_WARN_STRICT_PROTOTYPES = YES;
				CLANG_WARN_SUSPICIOUS_MOVE = YES;
				CLANG_WARN_UNGUARDED_AVAILABILITY = YES_AGGRESSIVE;
				CLANG_WARN_UNREACHABLE_CODE = YES;
				CLANG_WARN__DUPLICATE_METHOD_MATCH = YES;
				COPY_PHASE_STRIP = NO;
				DEBUG_INFORMATION_FORMAT = dwarf;
				ENABLE_STRICT_OBJC_MSGSEND = YES;
				ENABLE_TESTABILITY = YES;
				GCC_C_LANGUAGE_STANDARD = gnu11;
				GCC_DYNAMIC_NO_PIC = NO;
				GCC_NO_COMMON_BLOCKS = YES;
				GCC_OPTIMIZATION_LEVEL = 0;
				GCC_PREPROCESSOR_DEFINITIONS = (
					"DEBUG=1",
					"$(inherited)",
				);
				GCC_WARN_64_TO_32_BIT_CONVERSION = YES;
				GCC_WARN_ABOUT_RETURN_TYPE = YES_ERROR;
				GCC_WARN_UNDECLARED_SELECTOR = YES;
				GCC_WARN_UNINITIALIZED_AUTOS = YES_AGGRESSIVE;
				GCC_WARN_UNUSED_FUNCTION = YES;
				GCC_WARN_UNUSED_VARIABLE = YES;
				IPHONEOS_DEPLOYMENT_TARGET = 14.3;
				MTL_ENABLE_DEBUG_INFO = INCLUDE_SOURCE;
				MTL_FAST_MATH = YES;
				ONLY_ACTIVE_ARCH = YES;
				SDKROOT = iphoneos;
				SWIFT_ACTIVE_COMPILATION_CONDITIONS = DEBUG;
				SWIFT_OPTIMIZATION_LEVEL = "-Onone";
			};
			name = Debug;
		};
		3D8FC16225F82B7A001388FB /* Release */ = {
			isa = XCBuildConfiguration;
			buildSettings = {
				ALWAYS_SEARCH_USER_PATHS = NO;
				CLANG_ANALYZER_NONNULL = YES;
				CLANG_ANALYZER_NUMBER_OBJECT_CONVERSION = YES_AGGRESSIVE;
				CLANG_CXX_LANGUAGE_STANDARD = "gnu++14";
				CLANG_CXX_LIBRARY = "libc++";
				CLANG_ENABLE_MODULES = YES;
				CLANG_ENABLE_OBJC_ARC = YES;
				CLANG_ENABLE_OBJC_WEAK = YES;
				CLANG_WARN_BLOCK_CAPTURE_AUTORELEASING = YES;
				CLANG_WARN_BOOL_CONVERSION = YES;
				CLANG_WARN_COMMA = YES;
				CLANG_WARN_CONSTANT_CONVERSION = YES;
				CLANG_WARN_DEPRECATED_OBJC_IMPLEMENTATIONS = YES;
				CLANG_WARN_DIRECT_OBJC_ISA_USAGE = YES_ERROR;
				CLANG_WARN_DOCUMENTATION_COMMENTS = YES;
				CLANG_WARN_EMPTY_BODY = YES;
				CLANG_WARN_ENUM_CONVERSION = YES;
				CLANG_WARN_INFINITE_RECURSION = YES;
				CLANG_WARN_INT_CONVERSION = YES;
				CLANG_WARN_NON_LITERAL_NULL_CONVERSION = YES;
				CLANG_WARN_OBJC_IMPLICIT_RETAIN_SELF = YES;
				CLANG_WARN_OBJC_LITERAL_CONVERSION = YES;
				CLANG_WARN_OBJC_ROOT_CLASS = YES_ERROR;
				CLANG_WARN_QUOTED_INCLUDE_IN_FRAMEWORK_HEADER = YES;
				CLANG_WARN_RANGE_LOOP_ANALYSIS = YES;
				CLANG_WARN_STRICT_PROTOTYPES = YES;
				CLANG_WARN_SUSPICIOUS_MOVE = YES;
				CLANG_WARN_UNGUARDED_AVAILABILITY = YES_AGGRESSIVE;
				CLANG_WARN_UNREACHABLE_CODE = YES;
				CLANG_WARN__DUPLICATE_METHOD_MATCH = YES;
				COPY_PHASE_STRIP = NO;
				DEBUG_INFORMATION_FORMAT = "dwarf-with-dsym";
				ENABLE_NS_ASSERTIONS = NO;
				ENABLE_STRICT_OBJC_MSGSEND = YES;
				GCC_C_LANGUAGE_STANDARD = gnu11;
				GCC_NO_COMMON_BLOCKS = YES;
				GCC_WARN_64_TO_32_BIT_CONVERSION = YES;
				GCC_WARN_ABOUT_RETURN_TYPE = YES_ERROR;
				GCC_WARN_UNDECLARED_SELECTOR = YES;
				GCC_WARN_UNINITIALIZED_AUTOS = YES_AGGRESSIVE;
				GCC_WARN_UNUSED_FUNCTION = YES;
				GCC_WARN_UNUSED_VARIABLE = YES;
				IPHONEOS_DEPLOYMENT_TARGET = 14.3;
				MTL_ENABLE_DEBUG_INFO = NO;
				MTL_FAST_MATH = YES;
				SDKROOT = iphoneos;
				SWIFT_COMPILATION_MODE = wholemodule;
				SWIFT_OPTIMIZATION_LEVEL = "-O";
				VALIDATE_PRODUCT = YES;
			};
			name = Release;
		};
		3D8FC16425F82B7A001388FB /* Debug */ = {
			isa = XCBuildConfiguration;
			buildSettings = {
				ASSETCATALOG_COMPILER_APPICON_NAME = AppIcon;
				ASSETCATALOG_COMPILER_GLOBAL_ACCENT_COLOR_NAME = AccentColor;
				CODE_SIGN_STYLE = Automatic;
				INFOPLIST_FILE = IosiApp/Info.plist;
				LD_RUNPATH_SEARCH_PATHS = (
					"$(inherited)",
					"@executable_path/Frameworks",
				);
				PRODUCT_BUNDLE_IDENTIFIER = com.iosi.IosiApp;
				PRODUCT_NAME = "$(TARGET_NAME)";
				SWIFT_VERSION = 5.0;
				TARGETED_DEVICE_FAMILY = "1,2";
			};
			name = Debug;
		};
		3D8FC16525F82B7A001388FB /* Release */ = {
			isa = XCBuildConfiguration;
			buildSettings = {
				ASSETCATALOG_COMPILER_APPICON_NAME = AppIcon;
				ASSETCATALOG_COMPILER_GLOBAL_ACCENT_COLOR_NAME = AccentColor;
				CODE_SIGN_STYLE = Automatic;
				INFOPLIST_FILE = IosiApp/Info.plist;
				LD_RUNPATH_SEARCH_PATHS = (
					"$(inherited)",
					"@executable_path/Frameworks",
				);
				PRODUCT_BUNDLE_IDENTIFIER = com.iosi.IosiApp;
				PRODUCT_NAME = "$(TARGET_NAME)";
				SWIFT_VERSION = 5.0;
				TARGETED_DEVICE_FAMILY = "1,2";
			};
			name = Release;
		};
		3D8FC16725F82B7A001388FB /* Debug */ = {
			isa = XCBuildConfiguration;
			buildSettings = {
				ALWAYS_EMBED_SWIFT_STANDARD_LIBRARIES = YES;
				BUNDLE_LOADER = "$(TEST_HOST)";
				CODE_SIGN_STYLE = Automatic;
				INFOPLIST_FILE = IosiAppTests/Info.plist;
				IPHONEOS_DEPLOYMENT_TARGET = 14.3;
				LD_RUNPATH_SEARCH_PATHS = (
					"$(inherited)",
					"@executable_path/Frameworks",
					"@loader_path/Frameworks",
				);
				PRODUCT_BUNDLE_IDENTIFIER = com.iosi.IosiAppTests;
				PRODUCT_NAME = "$(TARGET_NAME)";
				SWIFT_VERSION = 5.0;
				TARGETED_DEVICE_FAMILY = "1,2";
				TEST_HOST = "$(BUILT_PRODUCTS_DIR)/IosiApp.app/IosiApp";
			};
			name = Debug;
		};
		3D8FC16825F82B7A001388FB /* Release */ = {
			isa = XCBuildConfiguration;
			buildSettings = {
				ALWAYS_EMBED_SWIFT_STANDARD_LIBRARIES = YES;
				BUNDLE_LOADER = "$(TEST_HOST)";
				CODE_SIGN_STYLE = Automatic;
				INFOPLIST_FILE = IosiAppTests/Info.plist;
				IPHONEOS_DEPLOYMENT_TARGET = 14.3;
				LD_RUNPATH_SEARCH_PATHS = (
					"$(inherited)",
					"@executable_path/Frameworks",
					"@loader_path/Frameworks",
				);
				PRODUCT_BUNDLE_IDENTIFIER = com.iosi.IosiAppTests;
				PRODUCT_NAME = "$(TARGET_NAME)";
				SWIFT_VERSION = 5.0;
				TARGETED_DEVICE_FAMILY = "1,2";
				TEST_HOST = "$(BUILT_PRODUCTS_DIR)/IosiApp.app/IosiApp";
			};
			name = Release;
		};
		3D8FC16A25F82B7A001388FB /* Debug */ = {
			isa = XCBuildConfiguration;
			buildSettings = {
				ALWAYS_EMBED_SWIFT_STANDARD_LIBRARIES = YES;
				CODE_SIGN_STYLE = Automatic;
				INFOPLIST_FILE = IosiAppUITests/Info.plist;
				LD_RUNPATH_SEARCH_PATHS = (
					"$(inherited)",
					"@executable_path/Frameworks",
					"@loader_path/Frameworks",
				);
				PRODUCT_BUNDLE_IDENTIFIER = com.iosi.IosiAppUITests;
				PRODUCT_NAME = "$(TARGET_NAME)";
				SWIFT_VERSION = 5.0;
				TARGETED_DEVICE_FAMILY = "1,2";
				TEST_TARGET_NAME = IosiApp;
			};
			name = Debug;
		};
		3D8FC16B25F82B7A001388FB /* Release */ = {
			isa = XCBuildConfiguration;
			buildSettings = {
				ALWAYS_EMBED_SWIFT_STANDARD_LIBRARIES = YES;
				CODE_SIGN_STYLE = Automatic;
				INFOPLIST_FILE = IosiAppUITests/Info.plist;
				LD_RUNPATH_SEARCH_PATHS = (
					"$(inherited)",
					"@executable_path/Frameworks",
					"@loader_path/Frameworks",
				);
				PRODUCT_BUNDLE_IDENTIFIER = com.iosi.IosiAppUITests;
				PRODUCT_NAME = "$(TARGET_NAME)";
				SWIFT_VERSION = 5.0;
				TARGETED_DEVICE_FAMILY = "1,2";
				TEST_TARGET_NAME = IosiApp;
			};
			name = Release;
		};
/* End XCBuildConfiguration section */

/* Begin XCConfigurationList section */
		3D8FC13125F82B77001388FB /* Build configuration list for PBXProject "IosiApp" */ = {
			isa = XCConfigurationList;
			buildConfigurations = (
				3D8FC16125F82B7A001388FB /* Debug */,
				3D8FC16225F82B7A001388FB /* Release */,
			);
			defaultConfigurationIsVisible = 0;
			defaultConfigurationName = Release;
		};
		3D8FC16325F82B7A001388FB /* Build configuration list for PBXNativeTarget "IosiApp" */ = {
			isa = XCConfigurationList;
			buildConfigurations = (
				3D8FC16425F82B7A001388FB /* Debug */,
				3D8FC16525F82B7A001388FB /* Release */,
			);
			defaultConfigurationIsVisible = 0;
			defaultConfigurationName = Release;
		};
		3D8FC16625F82B7A001388FB /* Build configuration list for PBXNativeTarget "IosiAppTests" */ = {
			isa = XCConfigurationList;
			buildConfigurations = (
				3D8FC16725F82B7A001388FB /* Debug */,
				3D8FC16825F82B7A001388FB /* Release */,
			);
			defaultConfigurationIsVisible = 0;
			defaultConfigurationName = Release;
		};
		3D8FC16925F82B7A001388FB /* Build configuration list for PBXNativeTarget "IosiAppUITests" */ = {
			isa = XCConfigurationList;
			buildConfigurations = (
				3D8FC16A25F82B7A001388FB /* Debug */,
				3D8FC16B25F82B7A001388FB /* Release */,
			);
			defaultConfigurationIsVisible = 0;
			defaultConfigurationName = Release;
		};
/* End XCConfigurationList section */

/* Begin XCVersionGroup section */
		3D8FC14225F82B77001388FB /* IosiApp.xcdatamodeld */ = {
			isa = XCVersionGroup;
			children = (
				3D8FC14325F82B77001388FB /* IosiApp.xcdatamodel */,
			);
			currentVersion = 3D8FC14325F82B77001388FB /* IosiApp.xcdatamodel */;
			path = IosiApp.xcdatamodeld;
			sourceTree = "<group>";
			versionGroupType = wrapper.xcdatamodel;
		};
/* End XCVersionGroup section */
	};
	rootObject = 3D8FC12E25F82B77001388FB /* Project object */;
}
